{
  "nodes": {
    "flake-parts": {
      "inputs": {
        "nixpkgs-lib": [
          "nixpkgs"
        ]
      },
      "locked": {
        "lastModified": 1775087534,
        "narHash": "sha256-91qqW8lhL7TLwgQWijoGBbiD4t7/q75KTi8NxjVmSmA=",
        "owner": "hercules-ci",
        "repo": "flake-parts",
        "rev": "3107b77cd68437b9a76194f0f7f9c55f2329ca5b",
        "type": "github"
      },
      "original": {
        "owner": "hercules-ci",
        "repo": "flake-parts",
        "type": "github"
      }
    },
    "nix-wrapper-modules": {
      "inputs": {
        "nixpkgs": [
          "nixpkgs"
        ]
      },
      "locked": {
        "lastModified": 1776740142,
        "narHash": "sha256-kyU4D8J6AgyuNX+CTkFMBGL2ydSesa9TxEElVWFeX4Y=",
        "owner": "BirdeeHub",
        "repo": "nix-wrapper-modules",
        "rev": "7e1b8c7be49c9f2bd3236a7b92819bbedf4e8495",
        "type": "github"
      },
      "original": {
        "owner": "BirdeeHub",
        "repo": "nix-wrapper-modules",
        "type": "github"
      }
    },
    "nixpkgs": {
      "locked": {
        "lastModified": 1776329215,
        "narHash": "sha256-a8BYi3mzoJ/AcJP8UldOx8emoPRLeWqALZWu4ZvjPXw=",
        "owner": "nixos",
        "repo": "nixpkgs",
        "rev": "b86751bc4085f48661017fa226dee99fab6c651b",
        "type": "github"
      },
      "original": {
        "owner": "nixos",
        "ref": "nixpkgs-unstable",
        "repo": "nixpkgs",
        "type": "github"
      }
    },
    "plugins-luasnip-latex-snippets": {
      "flake": false,
      "locked": {
        "lastModified": 1766323359,
        "narHash": "sha256-0Q24sRsmdUCr7V3jod9XmgeUev3BfmiHj5OmrEZiXSI=",
        "owner": "iurimateus",
        "repo": "luasnip-latex-snippets.nvim",
        "rev": "a14821dd680dfdd2006b135425cc2a8ab297ebc6",
        "type": "github"
      },
      "original": {
        "owner": "iurimateus",
        "repo": "luasnip-latex-snippets.nvim",
        "type": "github"
      }
    },
    "plugins-nvim-luaref": {
      "flake": false,
      "locked": {
        "lastModified": 1645064202,
        "narHash": "sha256-nmsKg1Ah67fhGzevTFMlncwLX9gN0JkR7Woi0T5On34=",
        "owner": "milisims",
        "repo": "nvim-luaref",
        "rev": "9cd3ed50d5752ffd56d88dd9e395ddd3dc2c7127",
        "type": "github"
      },
      "original": {
        "owner": "milisims",
        "repo": "nvim-luaref",
        "type": "github"
      }
    },
    "root": {
      "inputs": {
        "flake-parts": "flake-parts",
        "nix-wrapper-modules": "nix-wrapper-modules",
        "nixpkgs": "nixpkgs",
        "plugins-luasnip-latex-snippets": "plugins-luasnip-latex-snippets",
        "plugins-nvim-luaref": "plugins-nvim-luaref"
      }
    }
  },
  "root": "root",
  "version": 7
}
