{
  "nodes": {
    "nixCats": {
      "locked": {
        "lastModified": 1753170780,
        "narHash": "sha256-rxnjPhOu7kr3REU8AhbKwRYnXHWlRXBqgWOO9MD0HyY=",
        "owner": "BirdeeHub",
        "repo": "nixCats-nvim",
        "rev": "e0c3fd5c218c808ce31e29caa91df43c65d7dfc6",
        "type": "github"
      },
      "original": {
        "owner": "BirdeeHub",
        "repo": "nixCats-nvim",
        "type": "github"
      }
    },
    "nixpkgs": {
      "locked": {
        "lastModified": 1754393734,
        "narHash": "sha256-fbnmAwTQkuXHKBlcL5Nq1sMAzd3GFqCOQgEQw6Hy0Ak=",
        "owner": "nixos",
        "repo": "nixpkgs",
        "rev": "a683adc19ff5228af548c6539dbc3440509bfed3",
        "type": "github"
      },
      "original": {
        "owner": "nixos",
        "ref": "nixpkgs-unstable",
        "repo": "nixpkgs",
        "type": "github"
      }
    },
    "plugins-luasnip-latex-snippets": {
      "flake": false,
      "locked": {
        "lastModified": 1743463667,
        "narHash": "sha256-QWZIw/ZafnNa1j20TI361X9+x3nleZgBchiJ5tMw+Qw=",
        "owner": "iurimateus",
        "repo": "luasnip-latex-snippets.nvim",
        "rev": "498f4ba12d025487939d89b801647b44bb15676c",
        "type": "github"
      },
      "original": {
        "owner": "iurimateus",
        "repo": "luasnip-latex-snippets.nvim",
        "type": "github"
      }
    },
    "plugins-nvim-luaref": {
      "flake": false,
      "locked": {
        "lastModified": 1645064202,
        "narHash": "sha256-nmsKg1Ah67fhGzevTFMlncwLX9gN0JkR7Woi0T5On34=",
        "owner": "milisims",
        "repo": "nvim-luaref",
        "rev": "9cd3ed50d5752ffd56d88dd9e395ddd3dc2c7127",
        "type": "github"
      },
      "original": {
        "owner": "milisims",
        "repo": "nvim-luaref",
        "type": "github"
      }
    },
    "plugins-sqls": {
      "flake": false,
      "locked": {
        "lastModified": 1743031563,
        "narHash": "sha256-bQKO5Kq4Jc8v7d6OSkkzjqYHzt8c5C71xzHHABErlsg=",
        "owner": "nanotee",
        "repo": "sqls.nvim",
        "rev": "d1bc5421ef3e8edc5101e37edbb7de6639207a09",
        "type": "github"
      },
      "original": {
        "owner": "nanotee",
        "repo": "sqls.nvim",
        "type": "github"
      }
    },
    "root": {
      "inputs": {
        "nixCats": "nixCats",
        "nixpkgs": "nixpkgs",
        "plugins-luasnip-latex-snippets": "plugins-luasnip-latex-snippets",
        "plugins-nvim-luaref": "plugins-nvim-luaref",
        "plugins-sqls": "plugins-sqls"
      }
    }
  },
  "root": "root",
  "version": 7
}
